
Microsoft Visual Studio Solution File, Format Version 12.00
# Visual Studio Version 17
VisualStudioVersion = 17.14.36127.28
MinimumVisualStudioVersion = 10.0.40219.1
Project("{FAE04EC0-301F-11D3-BF4B-00C04F79EFBC}") = "PresentationLayer", "PresentationLayer\PresentationLayer.csproj", "{F025E3FE-F442-411F-8F13-DCEAE6E1DD39}"
EndProject
Project("{FAE04EC0-301F-11D3-BF4B-00C04F79EFBC}") = "DataAccessLayer", "DataAccessLayer\DataAccessLayer.csproj", "{2967B887-2C77-4D3A-93B9-AD7016EF65DD}"
EndProject
Project("{FAE04EC0-301F-11D3-BF4B-00C04F79EFBC}") = "CoreLayer", "CoreLayer\CoreLayer.csproj", "{38F1CEC2-ECD7-4240-BCAB-1A49671ECE4C}"
EndProject
Global
	GlobalSection(SolutionConfigurationPlatforms) = preSolution
		Debug|Any CPU = Debug|Any CPU
		Release|Any CPU = Release|Any CPU
	EndGlobalSection
	GlobalSection(ProjectConfigurationPlatforms) = postSolution
		{F025E3FE-F442-411F-8F13-DCEAE6E1DD39}.Debug|Any CPU.ActiveCfg = Debug|Any CPU
		{F025E3FE-F442-411F-8F13-DCEAE6E1DD39}.Debug|Any CPU.Build.0 = Debug|Any CPU
		{F025E3FE-F442-411F-8F13-DCEAE6E1DD39}.Release|Any CPU.ActiveCfg = Release|Any CPU
		{F025E3FE-F442-411F-8F13-DCEAE6E1DD39}.Release|Any CPU.Build.0 = Release|Any CPU
		{2967B887-2C77-4D3A-93B9-AD7016EF65DD}.Debug|Any CPU.ActiveCfg = Debug|Any CPU
		{2967B887-2C77-4D3A-93B9-AD7016EF65DD}.Debug|Any CPU.Build.0 = Debug|Any CPU
		{2967B887-2C77-4D3A-93B9-AD7016EF65DD}.Release|Any CPU.ActiveCfg = Release|Any CPU
		{2967B887-2C77-4D3A-93B9-AD7016EF65DD}.Release|Any CPU.Build.0 = Release|Any CPU
		{38F1CEC2-ECD7-4240-BCAB-1A49671ECE4C}.Debug|Any CPU.ActiveCfg = Debug|Any CPU
		{38F1CEC2-ECD7-4240-BCAB-1A49671ECE4C}.Debug|Any CPU.Build.0 = Debug|Any CPU
		{38F1CEC2-ECD7-4240-BCAB-1A49671ECE4C}.Release|Any CPU.ActiveCfg = Release|Any CPU
		{38F1CEC2-ECD7-4240-BCAB-1A49671ECE4C}.Release|Any CPU.Build.0 = Release|Any CPU
	EndGlobalSection
	GlobalSection(SolutionProperties) = preSolution
		HideSolutionNode = FALSE
	EndGlobalSection
	GlobalSection(ExtensibilityGlobals) = postSolution
		SolutionGuid = {DE99288B-9879-4DA7-99CD-4E8F81F6BD1E}
	EndGlobalSection
EndGlobal
